
Microsoft Visual Studio Solution File, Format Version 12.00
# Visual Studio 2013
VisualStudioVersion = 12.0.31101.0
MinimumVisualStudioVersion = 10.0.40219.1
Project("{FAE04EC0-301F-11D3-BF4B-00C04F79EFBC}") = "SpaUserControl.Domain", "SpaUserControl.Domain\SpaUserControl.Domain.csproj", "{D9C9E12D-166B-4862-AFE7-A8A7E4F83089}"
EndProject
Project("{FAE04EC0-301F-11D3-BF4B-00C04F79EFBC}") = "ConsoleTest", "ConsoleTest\ConsoleTest.csproj", "{2466A1B0-AE79-4068-8111-35D64F7F4BB7}"
EndProject
Project("{FAE04EC0-301F-11D3-BF4B-00C04F79EFBC}") = "SpaUserControl.Common", "SpaUserControl.Common\SpaUserControl.Common.csproj", "{46B1F2B9-C77D-4B56-A482-656877E4E438}"
EndProject
Project("{FAE04EC0-301F-11D3-BF4B-00C04F79EFBC}") = "SpaUserControl.Infrastructure", "SpaUserControl.Infrastructure\SpaUserControl.Infrastructure.csproj", "{5D13EA4A-EB08-41D2-B65B-7B8F478B4C9C}"
EndProject
Project("{FAE04EC0-301F-11D3-BF4B-00C04F79EFBC}") = "SpaUserControl.Startup", "SpaUserControl.Startup\SpaUserControl.Startup.csproj", "{5A34DC60-CB3F-49C3-9703-D013A435D266}"
EndProject
Project("{FAE04EC0-301F-11D3-BF4B-00C04F79EFBC}") = "SpaUserControl.Business", "SpaUserControl.Business\SpaUserControl.Business.csproj", "{AA4258DA-7E29-47FA-9442-CDF0A669BAB2}"
EndProject
Global
	GlobalSection(SolutionConfigurationPlatforms) = preSolution
		Debug|Any CPU = Debug|Any CPU
		Release|Any CPU = Release|Any CPU
	EndGlobalSection
	GlobalSection(ProjectConfigurationPlatforms) = postSolution
		{D9C9E12D-166B-4862-AFE7-A8A7E4F83089}.Debug|Any CPU.ActiveCfg = Debug|Any CPU
		{D9C9E12D-166B-4862-AFE7-A8A7E4F83089}.Debug|Any CPU.Build.0 = Debug|Any CPU
		{D9C9E12D-166B-4862-AFE7-A8A7E4F83089}.Release|Any CPU.ActiveCfg = Release|Any CPU
		{D9C9E12D-166B-4862-AFE7-A8A7E4F83089}.Release|Any CPU.Build.0 = Release|Any CPU
		{2466A1B0-AE79-4068-8111-35D64F7F4BB7}.Debug|Any CPU.ActiveCfg = Debug|Any CPU
		{2466A1B0-AE79-4068-8111-35D64F7F4BB7}.Debug|Any CPU.Build.0 = Debug|Any CPU
		{2466A1B0-AE79-4068-8111-35D64F7F4BB7}.Release|Any CPU.ActiveCfg = Release|Any CPU
		{2466A1B0-AE79-4068-8111-35D64F7F4BB7}.Release|Any CPU.Build.0 = Release|Any CPU
		{46B1F2B9-C77D-4B56-A482-656877E4E438}.Debug|Any CPU.ActiveCfg = Debug|Any CPU
		{46B1F2B9-C77D-4B56-A482-656877E4E438}.Debug|Any CPU.Build.0 = Debug|Any CPU
		{46B1F2B9-C77D-4B56-A482-656877E4E438}.Release|Any CPU.ActiveCfg = Release|Any CPU
		{46B1F2B9-C77D-4B56-A482-656877E4E438}.Release|Any CPU.Build.0 = Release|Any CPU
		{5D13EA4A-EB08-41D2-B65B-7B8F478B4C9C}.Debug|Any CPU.ActiveCfg = Debug|Any CPU
		{5D13EA4A-EB08-41D2-B65B-7B8F478B4C9C}.Debug|Any CPU.Build.0 = Debug|Any CPU
		{5D13EA4A-EB08-41D2-B65B-7B8F478B4C9C}.Release|Any CPU.ActiveCfg = Release|Any CPU
		{5D13EA4A-EB08-41D2-B65B-7B8F478B4C9C}.Release|Any CPU.Build.0 = Release|Any CPU
		{5A34DC60-CB3F-49C3-9703-D013A435D266}.Debug|Any CPU.ActiveCfg = Debug|Any CPU
		{5A34DC60-CB3F-49C3-9703-D013A435D266}.Debug|Any CPU.Build.0 = Debug|Any CPU
		{5A34DC60-CB3F-49C3-9703-D013A435D266}.Release|Any CPU.ActiveCfg = Release|Any CPU
		{5A34DC60-CB3F-49C3-9703-D013A435D266}.Release|Any CPU.Build.0 = Release|Any CPU
		{AA4258DA-7E29-47FA-9442-CDF0A669BAB2}.Debug|Any CPU.ActiveCfg = Debug|Any CPU
		{AA4258DA-7E29-47FA-9442-CDF0A669BAB2}.Debug|Any CPU.Build.0 = Debug|Any CPU
		{AA4258DA-7E29-47FA-9442-CDF0A669BAB2}.Release|Any CPU.ActiveCfg = Release|Any CPU
		{AA4258DA-7E29-47FA-9442-CDF0A669BAB2}.Release|Any CPU.Build.0 = Release|Any CPU
	EndGlobalSection
	GlobalSection(SolutionProperties) = preSolution
		HideSolutionNode = FALSE
	EndGlobalSection
EndGlobal
